{
  "requires": true,
  "lockfileVersion": 1,
  "dependencies": {
    "@types/bson": {
      "version": "4.0.2",
      "resolved": "https://registry.npmjs.org/@types/bson/-/bson-4.0.2.tgz",
      "integrity": "sha512-+uWmsejEHfmSjyyM/LkrP0orfE2m5Mx9Xel4tXNeqi1ldK5XMQcDsFkBmLDtuyKUbxj2jGDo0H240fbCRJZo7Q==",
      "dev": true,
      "requires": {
        "@types/node": "*"
      }
    },
    "@types/mongodb": {
      "version": "3.5.5",
      "resolved": "https://registry.npmjs.org/@types/mongodb/-/mongodb-3.5.5.tgz",
      "integrity": "sha512-iIWBu740IPolqzpYUBdQs1T4LMiJv1CIIcJb6gX2mGtb/VmnFWONSiyUG+lJF4IUg+QEuIqpalW3eshiTCc8dQ==",
      "dev": true,
      "requires": {
        "@types/bson": "*",
        "@types/node": "*"
      }
    },
    "@types/mongoose": {
      "version": "5.7.10",
      "resolved": "https://registry.npmjs.org/@types/mongoose/-/mongoose-5.7.10.tgz",
      "integrity": "sha512-qXO0fBHczeTouCtOVySknSMeZj0KANQ1jvYj1KDcAx3DR/KwIYpJAKGsTv0Zy5z1+sPqx8DsT9hsqq7twuFzJg==",
      "dev": true,
      "requires": {
        "@types/mongodb": "*",
        "@types/node": "*"
      }
    },
    "@types/node": {
      "version": "13.11.1",
      "resolved": "https://registry.npmjs.org/@types/node/-/node-13.11.1.tgz",
      "integrity": "sha512-eWQGP3qtxwL8FGneRrC5DwrJLGN4/dH1clNTuLfN81HCrxVtxRjygDTUoZJ5ASlDEeo0ppYFQjQIlXhtXpOn6g==",
      "dev": true
    }
  }
}
