{
  "requires": true,
  "lockfileVersion": 1,
  "dependencies": {
    "@ngrx/store": {
      "version": "9.0.0",
      "resolved": "https://registry.npmjs.org/@ngrx/store/-/store-9.0.0.tgz",
      "integrity": "sha512-QnmfXJ4G2jp+vFaqT5Qfp6h0J9OHxfDKI2RbnMU93Tq1Xd/WVPzXnOQGjILBjwwWI6RFkSdIpUoQONr7VOW63g=="
    }
  }
}
